
Microsoft Visual Studio Solution File, Format Version 12.00
# Visual Studio 15
VisualStudioVersion = 15.0.26124.0
MinimumVisualStudioVersion = 15.0.26124.0
Project("{F2A71F9B-5D33-465A-A702-920D77279786}") = "A", "A\A.fsproj", "{46A73FAB-D020-4F49-98FB-BA0FE050C052}"
EndProject
Project("{F2A71F9B-5D33-465A-A702-920D77279786}") = "B", "B\B.fsproj", "{D539B8CE-0305-4A35-B052-92A19D97E4AF}"
EndProject
Project("{F2A71F9B-5D33-465A-A702-920D77279786}") = "B.Tests", "B.Tests\B.Tests.fsproj", "{B12099BC-516B-4C24-BC78-F4A4F84BFD4C}"
EndProject
Project("{F2A71F9B-5D33-465A-A702-920D77279786}") = "B.DllTests", "B.DllTests\B.DllTests.fsproj", "{583F2D97-FD0A-4CB2-9E1E-6C7864D17D04}"
EndProject
Project("{F2A71F9B-5D33-465A-A702-920D77279786}") = "C", "C\C.fsproj", "{BB6993EC-C867-4F1F-9CF2-6563C6EE205F}"
EndProject
Global
	GlobalSection(SolutionConfigurationPlatforms) = preSolution
		Debug|Any CPU = Debug|Any CPU
		Debug|x64 = Debug|x64
		Debug|x86 = Debug|x86
		Release|Any CPU = Release|Any CPU
		Release|x64 = Release|x64
		Release|x86 = Release|x86
	EndGlobalSection
	GlobalSection(SolutionProperties) = preSolution
		HideSolutionNode = FALSE
	EndGlobalSection
	GlobalSection(ProjectConfigurationPlatforms) = postSolution
		{46A73FAB-D020-4F49-98FB-BA0FE050C052}.Debug|Any CPU.ActiveCfg = Debug|Any CPU
		{46A73FAB-D020-4F49-98FB-BA0FE050C052}.Debug|Any CPU.Build.0 = Debug|Any CPU
		{46A73FAB-D020-4F49-98FB-BA0FE050C052}.Debug|x64.ActiveCfg = Debug|Any CPU
		{46A73FAB-D020-4F49-98FB-BA0FE050C052}.Debug|x64.Build.0 = Debug|Any CPU
		{46A73FAB-D020-4F49-98FB-BA0FE050C052}.Debug|x86.ActiveCfg = Debug|Any CPU
		{46A73FAB-D020-4F49-98FB-BA0FE050C052}.Debug|x86.Build.0 = Debug|Any CPU
		{46A73FAB-D020-4F49-98FB-BA0FE050C052}.Release|Any CPU.ActiveCfg = Release|Any CPU
		{46A73FAB-D020-4F49-98FB-BA0FE050C052}.Release|Any CPU.Build.0 = Release|Any CPU
		{46A73FAB-D020-4F49-98FB-BA0FE050C052}.Release|x64.ActiveCfg = Release|Any CPU
		{46A73FAB-D020-4F49-98FB-BA0FE050C052}.Release|x64.Build.0 = Release|Any CPU
		{46A73FAB-D020-4F49-98FB-BA0FE050C052}.Release|x86.ActiveCfg = Release|Any CPU
		{46A73FAB-D020-4F49-98FB-BA0FE050C052}.Release|x86.Build.0 = Release|Any CPU
		{D539B8CE-0305-4A35-B052-92A19D97E4AF}.Debug|Any CPU.ActiveCfg = Debug|Any CPU
		{D539B8CE-0305-4A35-B052-92A19D97E4AF}.Debug|Any CPU.Build.0 = Debug|Any CPU
		{D539B8CE-0305-4A35-B052-92A19D97E4AF}.Debug|x64.ActiveCfg = Debug|Any CPU
		{D539B8CE-0305-4A35-B052-92A19D97E4AF}.Debug|x64.Build.0 = Debug|Any CPU
		{D539B8CE-0305-4A35-B052-92A19D97E4AF}.Debug|x86.ActiveCfg = Debug|Any CPU
		{D539B8CE-0305-4A35-B052-92A19D97E4AF}.Debug|x86.Build.0 = Debug|Any CPU
		{D539B8CE-0305-4A35-B052-92A19D97E4AF}.Release|Any CPU.ActiveCfg = Release|Any CPU
		{D539B8CE-0305-4A35-B052-92A19D97E4AF}.Release|Any CPU.Build.0 = Release|Any CPU
		{D539B8CE-0305-4A35-B052-92A19D97E4AF}.Release|x64.ActiveCfg = Release|Any CPU
		{D539B8CE-0305-4A35-B052-92A19D97E4AF}.Release|x64.Build.0 = Release|Any CPU
		{D539B8CE-0305-4A35-B052-92A19D97E4AF}.Release|x86.ActiveCfg = Release|Any CPU
		{D539B8CE-0305-4A35-B052-92A19D97E4AF}.Release|x86.Build.0 = Release|Any CPU
		{B12099BC-516B-4C24-BC78-F4A4F84BFD4C}.Debug|Any CPU.ActiveCfg = Debug|Any CPU
		{B12099BC-516B-4C24-BC78-F4A4F84BFD4C}.Debug|Any CPU.Build.0 = Debug|Any CPU
		{B12099BC-516B-4C24-BC78-F4A4F84BFD4C}.Debug|x64.ActiveCfg = Debug|Any CPU
		{B12099BC-516B-4C24-BC78-F4A4F84BFD4C}.Debug|x64.Build.0 = Debug|Any CPU
		{B12099BC-516B-4C24-BC78-F4A4F84BFD4C}.Debug|x86.ActiveCfg = Debug|Any CPU
		{B12099BC-516B-4C24-BC78-F4A4F84BFD4C}.Debug|x86.Build.0 = Debug|Any CPU
		{B12099BC-516B-4C24-BC78-F4A4F84BFD4C}.Release|Any CPU.ActiveCfg = Release|Any CPU
		{B12099BC-516B-4C24-BC78-F4A4F84BFD4C}.Release|Any CPU.Build.0 = Release|Any CPU
		{B12099BC-516B-4C24-BC78-F4A4F84BFD4C}.Release|x64.ActiveCfg = Release|Any CPU
		{B12099BC-516B-4C24-BC78-F4A4F84BFD4C}.Release|x64.Build.0 = Release|Any CPU
		{B12099BC-516B-4C24-BC78-F4A4F84BFD4C}.Release|x86.ActiveCfg = Release|Any CPU
		{B12099BC-516B-4C24-BC78-F4A4F84BFD4C}.Release|x86.Build.0 = Release|Any CPU
		{583F2D97-FD0A-4CB2-9E1E-6C7864D17D04}.Debug|Any CPU.ActiveCfg = Debug|Any CPU
		{583F2D97-FD0A-4CB2-9E1E-6C7864D17D04}.Debug|Any CPU.Build.0 = Debug|Any CPU
		{583F2D97-FD0A-4CB2-9E1E-6C7864D17D04}.Debug|x64.ActiveCfg = Debug|Any CPU
		{583F2D97-FD0A-4CB2-9E1E-6C7864D17D04}.Debug|x64.Build.0 = Debug|Any CPU
		{583F2D97-FD0A-4CB2-9E1E-6C7864D17D04}.Debug|x86.ActiveCfg = Debug|Any CPU
		{583F2D97-FD0A-4CB2-9E1E-6C7864D17D04}.Debug|x86.Build.0 = Debug|Any CPU
		{583F2D97-FD0A-4CB2-9E1E-6C7864D17D04}.Release|Any CPU.ActiveCfg = Release|Any CPU
		{583F2D97-FD0A-4CB2-9E1E-6C7864D17D04}.Release|Any CPU.Build.0 = Release|Any CPU
		{583F2D97-FD0A-4CB2-9E1E-6C7864D17D04}.Release|x64.ActiveCfg = Release|Any CPU
		{583F2D97-FD0A-4CB2-9E1E-6C7864D17D04}.Release|x64.Build.0 = Release|Any CPU
		{583F2D97-FD0A-4CB2-9E1E-6C7864D17D04}.Release|x86.ActiveCfg = Release|Any CPU
		{583F2D97-FD0A-4CB2-9E1E-6C7864D17D04}.Release|x86.Build.0 = Release|Any CPU
		{BB6993EC-C867-4F1F-9CF2-6563C6EE205F}.Debug|Any CPU.ActiveCfg = Debug|Any CPU
		{BB6993EC-C867-4F1F-9CF2-6563C6EE205F}.Debug|Any CPU.Build.0 = Debug|Any CPU
		{BB6993EC-C867-4F1F-9CF2-6563C6EE205F}.Debug|x64.ActiveCfg = Debug|Any CPU
		{BB6993EC-C867-4F1F-9CF2-6563C6EE205F}.Debug|x64.Build.0 = Debug|Any CPU
		{BB6993EC-C867-4F1F-9CF2-6563C6EE205F}.Debug|x86.ActiveCfg = Debug|Any CPU
		{BB6993EC-C867-4F1F-9CF2-6563C6EE205F}.Debug|x86.Build.0 = Debug|Any CPU
		{BB6993EC-C867-4F1F-9CF2-6563C6EE205F}.Release|Any CPU.ActiveCfg = Release|Any CPU
		{BB6993EC-C867-4F1F-9CF2-6563C6EE205F}.Release|Any CPU.Build.0 = Release|Any CPU
		{BB6993EC-C867-4F1F-9CF2-6563C6EE205F}.Release|x64.ActiveCfg = Release|Any CPU
		{BB6993EC-C867-4F1F-9CF2-6563C6EE205F}.Release|x64.Build.0 = Release|Any CPU
		{BB6993EC-C867-4F1F-9CF2-6563C6EE205F}.Release|x86.ActiveCfg = Release|Any CPU
		{BB6993EC-C867-4F1F-9CF2-6563C6EE205F}.Release|x86.Build.0 = Release|Any CPU
	EndGlobalSection
EndGlobal
